
Microsoft Visual Studio Solution File, Format Version 12.00
# Visual Studio Version 17
VisualStudioVersion = 17.0.31521.260
MinimumVisualStudioVersion = 10.0.40219.1
Project("{2150E333-8FDC-42A3-9474-1A3956D46DE8}") = "1 - Application", "1 - Application", "{5D7D01B6-30E0-4552-BE0E-6EE1577B5FA7}"
EndProject
Project("{2150E333-8FDC-42A3-9474-1A3956D46DE8}") = "2 - Services", "2 - Services", "{BE8F341D-1378-4B40-88F9-6901B74F17C3}"
EndProject
Project("{2150E333-8FDC-42A3-9474-1A3956D46DE8}") = "4 - Tests", "4 - Tests", "{C6E474B3-4677-4D59-AEB5-05AFB3DA18D6}"
EndProject
Project("{2150E333-8FDC-42A3-9474-1A3956D46DE8}") = "3 - Shared", "3 - Shared", "{02EA681E-C7D8-13C7-8484-4AC65E1B71E8}"
EndProject
Project("{FAE04EC0-301F-11D3-BF4B-00C04F79EFBC}") = "FluxoCaixaDiario.Web", "src\FluxoCaixaDiario.Web\FluxoCaixaDiario.Web.csproj", "{8556A848-E0BD-94F2-12D6-25D436A86029}"
EndProject
Project("{FAE04EC0-301F-11D3-BF4B-00C04F79EFBC}") = "FluxoCaixaDiario.IdentityServer", "src\FluxoCaixaDiario.IdentityServer\FluxoCaixaDiario.IdentityServer.csproj", "{132C3D92-89A8-81D0-733B-20AA8DFB39B5}"
EndProject
Project("{FAE04EC0-301F-11D3-BF4B-00C04F79EFBC}") = "FluxoCaixaDiario.SaldoDiario", "src\FluxoCaixaDiario.SaldoDiario\FluxoCaixaDiario.SaldoDiario.csproj", "{614B97F3-52B2-37F7-C3B1-AF7662C846D4}"
EndProject
Project("{FAE04EC0-301F-11D3-BF4B-00C04F79EFBC}") = "FluxoCaixaDiario.Lancamentos", "src\FluxoCaixaDiario.Lancamentos\FluxoCaixaDiario.Lancamentos.csproj", "{45DA1DC0-BE00-B89F-29F8-E5051F09A4E4}"
EndProject
Project("{FAE04EC0-301F-11D3-BF4B-00C04F79EFBC}") = "FluxoCaixaDiario.Shared", "src\FluxoCaixaDiario.Shared\FluxoCaixaDiario.Shared.csproj", "{9DD98B09-C6C2-56B9-31AF-7BDDF7E78477}"
EndProject
Project("{FAE04EC0-301F-11D3-BF4B-00C04F79EFBC}") = "FluxoCaixaDiario.Lancamentos.Tests", "tests\FluxoCaixaDiario.Lancamentos.Tests\FluxoCaixaDiario.Lancamentos.Tests.csproj", "{0613B4F3-C396-E1C9-F3B0-7E1BFDE1C378}"
EndProject
Project("{FAE04EC0-301F-11D3-BF4B-00C04F79EFBC}") = "FluxoCaixaDiario.SaldoDiario.Tests", "tests\FluxoCaixaDiario.SaldoDiario.Tests\FluxoCaixaDiario.SaldoDiario.Tests.csproj", "{33E905DF-6533-0C25-1471-D9CC1F0165C2}"
EndProject
Global
	GlobalSection(SolutionConfigurationPlatforms) = preSolution
		Debug|Any CPU = Debug|Any CPU
		Release|Any CPU = Release|Any CPU
	EndGlobalSection
	GlobalSection(ProjectConfigurationPlatforms) = postSolution
		{8556A848-E0BD-94F2-12D6-25D436A86029}.Debug|Any CPU.ActiveCfg = Debug|Any CPU
		{8556A848-E0BD-94F2-12D6-25D436A86029}.Debug|Any CPU.Build.0 = Debug|Any CPU
		{8556A848-E0BD-94F2-12D6-25D436A86029}.Release|Any CPU.ActiveCfg = Release|Any CPU
		{8556A848-E0BD-94F2-12D6-25D436A86029}.Release|Any CPU.Build.0 = Release|Any CPU
		{132C3D92-89A8-81D0-733B-20AA8DFB39B5}.Debug|Any CPU.ActiveCfg = Debug|Any CPU
		{132C3D92-89A8-81D0-733B-20AA8DFB39B5}.Debug|Any CPU.Build.0 = Debug|Any CPU
		{132C3D92-89A8-81D0-733B-20AA8DFB39B5}.Release|Any CPU.ActiveCfg = Release|Any CPU
		{132C3D92-89A8-81D0-733B-20AA8DFB39B5}.Release|Any CPU.Build.0 = Release|Any CPU
		{614B97F3-52B2-37F7-C3B1-AF7662C846D4}.Debug|Any CPU.ActiveCfg = Debug|Any CPU
		{614B97F3-52B2-37F7-C3B1-AF7662C846D4}.Debug|Any CPU.Build.0 = Debug|Any CPU
		{614B97F3-52B2-37F7-C3B1-AF7662C846D4}.Release|Any CPU.ActiveCfg = Release|Any CPU
		{614B97F3-52B2-37F7-C3B1-AF7662C846D4}.Release|Any CPU.Build.0 = Release|Any CPU
		{45DA1DC0-BE00-B89F-29F8-E5051F09A4E4}.Debug|Any CPU.ActiveCfg = Debug|Any CPU
		{45DA1DC0-BE00-B89F-29F8-E5051F09A4E4}.Debug|Any CPU.Build.0 = Debug|Any CPU
		{45DA1DC0-BE00-B89F-29F8-E5051F09A4E4}.Release|Any CPU.ActiveCfg = Release|Any CPU
		{45DA1DC0-BE00-B89F-29F8-E5051F09A4E4}.Release|Any CPU.Build.0 = Release|Any CPU
		{9DD98B09-C6C2-56B9-31AF-7BDDF7E78477}.Debug|Any CPU.ActiveCfg = Debug|Any CPU
		{9DD98B09-C6C2-56B9-31AF-7BDDF7E78477}.Debug|Any CPU.Build.0 = Debug|Any CPU
		{9DD98B09-C6C2-56B9-31AF-7BDDF7E78477}.Release|Any CPU.ActiveCfg = Release|Any CPU
		{9DD98B09-C6C2-56B9-31AF-7BDDF7E78477}.Release|Any CPU.Build.0 = Release|Any CPU
		{0613B4F3-C396-E1C9-F3B0-7E1BFDE1C378}.Debug|Any CPU.ActiveCfg = Debug|Any CPU
		{0613B4F3-C396-E1C9-F3B0-7E1BFDE1C378}.Debug|Any CPU.Build.0 = Debug|Any CPU
		{0613B4F3-C396-E1C9-F3B0-7E1BFDE1C378}.Release|Any CPU.ActiveCfg = Release|Any CPU
		{0613B4F3-C396-E1C9-F3B0-7E1BFDE1C378}.Release|Any CPU.Build.0 = Release|Any CPU
		{33E905DF-6533-0C25-1471-D9CC1F0165C2}.Debug|Any CPU.ActiveCfg = Debug|Any CPU
		{33E905DF-6533-0C25-1471-D9CC1F0165C2}.Debug|Any CPU.Build.0 = Debug|Any CPU
		{33E905DF-6533-0C25-1471-D9CC1F0165C2}.Release|Any CPU.ActiveCfg = Release|Any CPU
		{33E905DF-6533-0C25-1471-D9CC1F0165C2}.Release|Any CPU.Build.0 = Release|Any CPU
	EndGlobalSection
	GlobalSection(SolutionProperties) = preSolution
		HideSolutionNode = FALSE
	EndGlobalSection
	GlobalSection(NestedProjects) = preSolution
		{8556A848-E0BD-94F2-12D6-25D436A86029} = {5D7D01B6-30E0-4552-BE0E-6EE1577B5FA7}
		{132C3D92-89A8-81D0-733B-20AA8DFB39B5} = {BE8F341D-1378-4B40-88F9-6901B74F17C3}
		{614B97F3-52B2-37F7-C3B1-AF7662C846D4} = {BE8F341D-1378-4B40-88F9-6901B74F17C3}
		{45DA1DC0-BE00-B89F-29F8-E5051F09A4E4} = {BE8F341D-1378-4B40-88F9-6901B74F17C3}
		{9DD98B09-C6C2-56B9-31AF-7BDDF7E78477} = {02EA681E-C7D8-13C7-8484-4AC65E1B71E8}
		{0613B4F3-C396-E1C9-F3B0-7E1BFDE1C378} = {C6E474B3-4677-4D59-AEB5-05AFB3DA18D6}
		{33E905DF-6533-0C25-1471-D9CC1F0165C2} = {C6E474B3-4677-4D59-AEB5-05AFB3DA18D6}
	EndGlobalSection
	GlobalSection(ExtensibilityGlobals) = postSolution
		SolutionGuid = {44782F14-DB85-4BF3-BFEA-254F451A02FA}
	EndGlobalSection
EndGlobal
